
Microsoft Visual Studio Solution File, Format Version 12.00
# Visual Studio 15
VisualStudioVersion = 15.0.28010.2050
MinimumVisualStudioVersion = 10.0.40219.1
Project("{FAE04EC0-301F-11D3-BF4B-00C04F79EFBC}") = "ConvertProjectToCore3", "ConvertProjectToCore3\ConvertProjectToCore3.csproj", "{4BE75BD6-173F-4BF4-845E-55D1F35666ED}"
EndProject
Global
	GlobalSection(SolutionConfigurationPlatforms) = preSolution
		Debug|Any CPU = Debug|Any CPU
		Release|Any CPU = Release|Any CPU
	EndGlobalSection
	GlobalSection(ProjectConfigurationPlatforms) = postSolution
		{4BE75BD6-173F-4BF4-845E-55D1F35666ED}.Debug|Any CPU.ActiveCfg = Debug|Any CPU
		{4BE75BD6-173F-4BF4-845E-55D1F35666ED}.Debug|Any CPU.Build.0 = Debug|Any CPU
		{4BE75BD6-173F-4BF4-845E-55D1F35666ED}.Release|Any CPU.ActiveCfg = Release|Any CPU
		{4BE75BD6-173F-4BF4-845E-55D1F35666ED}.Release|Any CPU.Build.0 = Release|Any CPU
	EndGlobalSection
	GlobalSection(SolutionProperties) = preSolution
		HideSolutionNode = FALSE
	EndGlobalSection
	GlobalSection(ExtensibilityGlobals) = postSolution
		SolutionGuid = {EA6D76A3-D7D7-4ED6-8AE8-C1985B298D04}
	EndGlobalSection
EndGlobal
